
Microsoft Visual Studio Solution File, Format Version 12.00
# Visual Studio Version 16
VisualStudioVersion = 16.0.29230.47
MinimumVisualStudioVersion = 10.0.40219.1
Project("{FAE04EC0-301F-11D3-BF4B-00C04F79EFBC}") = "HomeworkATM1", "HomeworkATM1\HomeworkATM1.csproj", "{D0CA7D92-B5D6-4F8A-9BB0-6B74B38ECF5D}"
EndProject
Global
	GlobalSection(SolutionConfigurationPlatforms) = preSolution
		Debug|Any CPU = Debug|Any CPU
		Release|Any CPU = Release|Any CPU
	EndGlobalSection
	GlobalSection(ProjectConfigurationPlatforms) = postSolution
		{D0CA7D92-B5D6-4F8A-9BB0-6B74B38ECF5D}.Debug|Any CPU.ActiveCfg = Debug|Any CPU
		{D0CA7D92-B5D6-4F8A-9BB0-6B74B38ECF5D}.Debug|Any CPU.Build.0 = Debug|Any CPU
		{D0CA7D92-B5D6-4F8A-9BB0-6B74B38ECF5D}.Release|Any CPU.ActiveCfg = Release|Any CPU
		{D0CA7D92-B5D6-4F8A-9BB0-6B74B38ECF5D}.Release|Any CPU.Build.0 = Release|Any CPU
	EndGlobalSection
	GlobalSection(SolutionProperties) = preSolution
		HideSolutionNode = FALSE
	EndGlobalSection
	GlobalSection(ExtensibilityGlobals) = postSolution
		SolutionGuid = {9386D8BD-AB62-4677-B177-164178FAABAD}
	EndGlobalSection
EndGlobal
